Microsoft Visual Studio Solution File, Format Version 8.00
Project("{FAE04EC0-301F-11D3-BF4B-00C04F79EFBC}") = "Strategy2003", "Strategy2003.csproj", "{DADA25DA-6FE2-4A2F-90D9-8A764F92B38D}"
	ProjectSection(ProjectDependencies) = postProject
	EndProjectSection
EndProject
Global
	GlobalSection(SolutionConfiguration) = preSolution
		Debug = Debug
		Release = Release
	EndGlobalSection
	GlobalSection(ProjectConfiguration) = postSolution
		{DADA25DA-6FE2-4A2F-90D9-8A764F92B38D}.Debug.ActiveCfg = Debug|.NET
		{DADA25DA-6FE2-4A2F-90D9-8A764F92B38D}.Debug.Build.0 = Debug|.NET
		{DADA25DA-6FE2-4A2F-90D9-8A764F92B38D}.Release.ActiveCfg = Release|.NET
		{DADA25DA-6FE2-4A2F-90D9-8A764F92B38D}.Release.Build.0 = Release|.NET
	EndGlobalSection
	GlobalSection(ExtensibilityGlobals) = postSolution
	EndGlobalSection
	GlobalSection(ExtensibilityAddIns) = postSolution
	EndGlobalSection
EndGlobal
