Microsoft Visual Studio Solution File, Format Version 9.00
# Visual Studio 2005
Project("{FAE04EC0-301F-11D3-BF4B-00C04F79EFBC}") = "Strategy2005", "Strategy2005.csproj", "{DADA25DA-6FE2-4A2F-90D9-8A764F92B38D}"
EndProject
Global
	GlobalSection(SolutionConfigurationPlatforms) = preSolution
		Debug|Any CPU = Debug|Any CPU
		Release|Any CPU = Release|Any CPU
	EndGlobalSection
	GlobalSection(ProjectConfigurationPlatforms) = postSolution
		{DADA25DA-6FE2-4A2F-90D9-8A764F92B38D}.Debug|Any CPU.ActiveCfg = Debug|Any CPU
		{DADA25DA-6FE2-4A2F-90D9-8A764F92B38D}.Debug|Any CPU.Build.0 = Debug|Any CPU
		{DADA25DA-6FE2-4A2F-90D9-8A764F92B38D}.Release|Any CPU.ActiveCfg = Release|Any CPU
		{DADA25DA-6FE2-4A2F-90D9-8A764F92B38D}.Release|Any CPU.Build.0 = Release|Any CPU
	EndGlobalSection
	GlobalSection(SolutionProperties) = preSolution
		HideSolutionNode = FALSE
	EndGlobalSection
EndGlobal
